
Microsoft Visual Studio Solution File, Format Version 12.00
# Visual Studio 15
VisualStudioVersion = 15.0.27703.2042
MinimumVisualStudioVersion = 10.0.40219.1
Project("{FAE04EC0-301F-11D3-BF4B-00C04F79EFBC}") = "WindowsFormsApp1", "WindowsFormsApp1\WindowsFormsApp1.csproj", "{1F47EFFB-5667-4ABF-A540-82FB05DFBEED}"
EndProject
Global
	GlobalSection(SolutionConfigurationPlatforms) = preSolution
		Debug|Any CPU = Debug|Any CPU
		Release|Any CPU = Release|Any CPU
	EndGlobalSection
	GlobalSection(ProjectConfigurationPlatforms) = postSolution
		{1F47EFFB-5667-4ABF-A540-82FB05DFBEED}.Debug|Any CPU.ActiveCfg = Debug|Any CPU
		{1F47EFFB-5667-4ABF-A540-82FB05DFBEED}.Debug|Any CPU.Build.0 = Debug|Any CPU
		{1F47EFFB-5667-4ABF-A540-82FB05DFBEED}.Release|Any CPU.ActiveCfg = Release|Any CPU
		{1F47EFFB-5667-4ABF-A540-82FB05DFBEED}.Release|Any CPU.Build.0 = Release|Any CPU
	EndGlobalSection
	GlobalSection(SolutionProperties) = preSolution
		HideSolutionNode = FALSE
	EndGlobalSection
	GlobalSection(ExtensibilityGlobals) = postSolution
		SolutionGuid = {4BB02650-628F-48A7-8589-888512E00E53}
	EndGlobalSection
EndGlobal
